
Microsoft Visual Studio Solution File, Format Version 12.00
# Visual Studio 15
Project("{FAE04EC0-301F-11D3-BF4B-00C04F79EFBC}") = "VK.iOS.Sample", "VK.iOS.Sample\VK.iOS.Sample.csproj", "{3FF3CA80-4900-4CEF-9206-91AF65F8B914}"
EndProject
Project("{FAE04EC0-301F-11D3-BF4B-00C04F79EFBC}") = "VK.iOS.Sample.iOS", "VK.iOS.Sample.iOS\VK.iOS.Sample.iOS.csproj", "{D93DD5E1-2E7E-446D-BED2-7067FA2A7B55}"
EndProject
Project("{FAE04EC0-301F-11D3-BF4B-00C04F79EFBC}") = "VK.iOS", "..\..\source\VK.iOS\VK.iOS.csproj", "{E74270C2-94EF-4BCF-872F-0373EED3EB66}"
EndProject
Global
	GlobalSection(SolutionConfigurationPlatforms) = preSolution
		Debug|Any CPU = Debug|Any CPU
		Release|Any CPU = Release|Any CPU
		Debug|iPhoneSimulator = Debug|iPhoneSimulator
		Release|iPhoneSimulator = Release|iPhoneSimulator
		Debug|iPhone = Debug|iPhone
		Release|iPhone = Release|iPhone
		Ad-Hoc|iPhone = Ad-Hoc|iPhone
		AppStore|iPhone = AppStore|iPhone
	EndGlobalSection
	GlobalSection(ProjectConfigurationPlatforms) = postSolution
		{3FF3CA80-4900-4CEF-9206-91AF65F8B914}.Debug|Any CPU.ActiveCfg = Debug|Any CPU
		{3FF3CA80-4900-4CEF-9206-91AF65F8B914}.Debug|Any CPU.Build.0 = Debug|Any CPU
		{3FF3CA80-4900-4CEF-9206-91AF65F8B914}.Release|Any CPU.ActiveCfg = Release|Any CPU
		{3FF3CA80-4900-4CEF-9206-91AF65F8B914}.Release|Any CPU.Build.0 = Release|Any CPU
		{3FF3CA80-4900-4CEF-9206-91AF65F8B914}.Debug|iPhoneSimulator.ActiveCfg = Debug|Any CPU
		{3FF3CA80-4900-4CEF-9206-91AF65F8B914}.Debug|iPhoneSimulator.Build.0 = Debug|Any CPU
		{3FF3CA80-4900-4CEF-9206-91AF65F8B914}.Release|iPhoneSimulator.ActiveCfg = Release|Any CPU
		{3FF3CA80-4900-4CEF-9206-91AF65F8B914}.Release|iPhoneSimulator.Build.0 = Release|Any CPU
		{3FF3CA80-4900-4CEF-9206-91AF65F8B914}.Debug|iPhone.ActiveCfg = Debug|Any CPU
		{3FF3CA80-4900-4CEF-9206-91AF65F8B914}.Debug|iPhone.Build.0 = Debug|Any CPU
		{3FF3CA80-4900-4CEF-9206-91AF65F8B914}.Release|iPhone.ActiveCfg = Release|Any CPU
		{3FF3CA80-4900-4CEF-9206-91AF65F8B914}.Release|iPhone.Build.0 = Release|Any CPU
		{3FF3CA80-4900-4CEF-9206-91AF65F8B914}.Ad-Hoc|iPhone.ActiveCfg = Debug|Any CPU
		{3FF3CA80-4900-4CEF-9206-91AF65F8B914}.Ad-Hoc|iPhone.Build.0 = Debug|Any CPU
		{3FF3CA80-4900-4CEF-9206-91AF65F8B914}.AppStore|iPhone.ActiveCfg = Debug|Any CPU
		{3FF3CA80-4900-4CEF-9206-91AF65F8B914}.AppStore|iPhone.Build.0 = Debug|Any CPU
		{D93DD5E1-2E7E-446D-BED2-7067FA2A7B55}.Debug|Any CPU.ActiveCfg = Debug|iPhoneSimulator
		{D93DD5E1-2E7E-446D-BED2-7067FA2A7B55}.Debug|Any CPU.Build.0 = Debug|iPhoneSimulator
		{D93DD5E1-2E7E-446D-BED2-7067FA2A7B55}.Release|Any CPU.ActiveCfg = Release|iPhoneSimulator
		{D93DD5E1-2E7E-446D-BED2-7067FA2A7B55}.Release|Any CPU.Build.0 = Release|iPhoneSimulator
		{D93DD5E1-2E7E-446D-BED2-7067FA2A7B55}.Debug|iPhoneSimulator.ActiveCfg = Debug|iPhoneSimulator
		{D93DD5E1-2E7E-446D-BED2-7067FA2A7B55}.Debug|iPhoneSimulator.Build.0 = Debug|iPhoneSimulator
		{D93DD5E1-2E7E-446D-BED2-7067FA2A7B55}.Release|iPhoneSimulator.ActiveCfg = Release|iPhoneSimulator
		{D93DD5E1-2E7E-446D-BED2-7067FA2A7B55}.Release|iPhoneSimulator.Build.0 = Release|iPhoneSimulator
		{D93DD5E1-2E7E-446D-BED2-7067FA2A7B55}.Debug|iPhone.ActiveCfg = Debug|iPhone
		{D93DD5E1-2E7E-446D-BED2-7067FA2A7B55}.Debug|iPhone.Build.0 = Debug|iPhone
		{D93DD5E1-2E7E-446D-BED2-7067FA2A7B55}.Release|iPhone.ActiveCfg = Release|iPhone
		{D93DD5E1-2E7E-446D-BED2-7067FA2A7B55}.Release|iPhone.Build.0 = Release|iPhone
		{D93DD5E1-2E7E-446D-BED2-7067FA2A7B55}.Ad-Hoc|iPhone.ActiveCfg = Ad-Hoc|iPhone
		{D93DD5E1-2E7E-446D-BED2-7067FA2A7B55}.Ad-Hoc|iPhone.Build.0 = Ad-Hoc|iPhone
		{D93DD5E1-2E7E-446D-BED2-7067FA2A7B55}.AppStore|iPhone.ActiveCfg = AppStore|iPhone
		{D93DD5E1-2E7E-446D-BED2-7067FA2A7B55}.AppStore|iPhone.Build.0 = AppStore|iPhone
		{E74270C2-94EF-4BCF-872F-0373EED3EB66}.Debug|Any CPU.ActiveCfg = Debug|Any CPU
		{E74270C2-94EF-4BCF-872F-0373EED3EB66}.Debug|Any CPU.Build.0 = Debug|Any CPU
		{E74270C2-94EF-4BCF-872F-0373EED3EB66}.Release|Any CPU.ActiveCfg = Release|Any CPU
		{E74270C2-94EF-4BCF-872F-0373EED3EB66}.Release|Any CPU.Build.0 = Release|Any CPU
		{E74270C2-94EF-4BCF-872F-0373EED3EB66}.Debug|iPhoneSimulator.ActiveCfg = Debug|Any CPU
		{E74270C2-94EF-4BCF-872F-0373EED3EB66}.Debug|iPhoneSimulator.Build.0 = Debug|Any CPU
		{E74270C2-94EF-4BCF-872F-0373EED3EB66}.Release|iPhoneSimulator.ActiveCfg = Release|Any CPU
		{E74270C2-94EF-4BCF-872F-0373EED3EB66}.Release|iPhoneSimulator.Build.0 = Release|Any CPU
		{E74270C2-94EF-4BCF-872F-0373EED3EB66}.Debug|iPhone.ActiveCfg = Debug|Any CPU
		{E74270C2-94EF-4BCF-872F-0373EED3EB66}.Debug|iPhone.Build.0 = Debug|Any CPU
		{E74270C2-94EF-4BCF-872F-0373EED3EB66}.Release|iPhone.ActiveCfg = Release|Any CPU
		{E74270C2-94EF-4BCF-872F-0373EED3EB66}.Release|iPhone.Build.0 = Release|Any CPU
		{E74270C2-94EF-4BCF-872F-0373EED3EB66}.Ad-Hoc|iPhone.ActiveCfg = Release|Any CPU
		{E74270C2-94EF-4BCF-872F-0373EED3EB66}.Ad-Hoc|iPhone.Build.0 = Release|Any CPU
		{E74270C2-94EF-4BCF-872F-0373EED3EB66}.AppStore|iPhone.ActiveCfg = Release|Any CPU
		{E74270C2-94EF-4BCF-872F-0373EED3EB66}.AppStore|iPhone.Build.0 = Release|Any CPU
	EndGlobalSection
EndGlobal
